
Microsoft Visual Studio Solution File, Format Version 12.00
# Visual Studio Version 17
VisualStudioVersion = 17.2.32630.192
MinimumVisualStudioVersion = 10.0.40219.1
Project("{8BC9CEB8-8B4A-11D0-8D11-00A0C91BC942}") = "Pointer", "Pointer\Pointer.vcxproj", "{09DCFC9A-5D95-4C36-B4C1-FEA40EDF7128}"
EndProject
Global
	GlobalSection(SolutionConfigurationPlatforms) = preSolution
		Debug|x64 = Debug|x64
		Debug|x86 = Debug|x86
		Release|x64 = Release|x64
		Release|x86 = Release|x86
	EndGlobalSection
	GlobalSection(ProjectConfigurationPlatforms) = postSolution
		{09DCFC9A-5D95-4C36-B4C1-FEA40EDF7128}.Debug|x64.ActiveCfg = Debug|x64
		{09DCFC9A-5D95-4C36-B4C1-FEA40EDF7128}.Debug|x64.Build.0 = Debug|x64
		{09DCFC9A-5D95-4C36-B4C1-FEA40EDF7128}.Debug|x86.ActiveCfg = Debug|Win32
		{09DCFC9A-5D95-4C36-B4C1-FEA40EDF7128}.Debug|x86.Build.0 = Debug|Win32
		{09DCFC9A-5D95-4C36-B4C1-FEA40EDF7128}.Release|x64.ActiveCfg = Release|x64
		{09DCFC9A-5D95-4C36-B4C1-FEA40EDF7128}.Release|x64.Build.0 = Release|x64
		{09DCFC9A-5D95-4C36-B4C1-FEA40EDF7128}.Release|x86.ActiveCfg = Release|Win32
		{09DCFC9A-5D95-4C36-B4C1-FEA40EDF7128}.Release|x86.Build.0 = Release|Win32
	EndGlobalSection
	GlobalSection(SolutionProperties) = preSolution
		HideSolutionNode = FALSE
	EndGlobalSection
	GlobalSection(ExtensibilityGlobals) = postSolution
		SolutionGuid = {8364E519-5EA9-485C-8EF7-057336811A6E}
	EndGlobalSection
EndGlobal
